
Microsoft Visual Studio Solution File, Format Version 12.00
# Visual Studio Version 17
VisualStudioVersion = 17.0.32014.148
MinimumVisualStudioVersion = 10.0.40219.1
Project("{FAE04EC0-301F-11D3-BF4B-00C04F79EFBC}") = "ExchangerApp", "ExchangerApp\ExchangerApp.csproj", "{C7DAAE4A-A6A2-4C61-BE91-8D7BBF0C8850}"
EndProject
Global
	GlobalSection(SolutionConfigurationPlatforms) = preSolution
		Debug|Any CPU = Debug|Any CPU
		Release|Any CPU = Release|Any CPU
	EndGlobalSection
	GlobalSection(ProjectConfigurationPlatforms) = postSolution
		{C7DAAE4A-A6A2-4C61-BE91-8D7BBF0C8850}.Debug|Any CPU.ActiveCfg = Debug|Any CPU
		{C7DAAE4A-A6A2-4C61-BE91-8D7BBF0C8850}.Debug|Any CPU.Build.0 = Debug|Any CPU
		{C7DAAE4A-A6A2-4C61-BE91-8D7BBF0C8850}.Release|Any CPU.ActiveCfg = Release|Any CPU
		{C7DAAE4A-A6A2-4C61-BE91-8D7BBF0C8850}.Release|Any CPU.Build.0 = Release|Any CPU
	EndGlobalSection
	GlobalSection(SolutionProperties) = preSolution
		HideSolutionNode = FALSE
	EndGlobalSection
	GlobalSection(ExtensibilityGlobals) = postSolution
		SolutionGuid = {AAD022B3-06B2-4626-A6CE-7173DD87F33E}
	EndGlobalSection
EndGlobal
