
Microsoft Visual Studio Solution File, Format Version 12.00
# Visual Studio Version 17
VisualStudioVersion = 17.1.32319.34
MinimumVisualStudioVersion = 10.0.40219.1
Project("{FAE04EC0-301F-11D3-BF4B-00C04F79EFBC}") = "Getposttest", "Getposttest\Getposttest.csproj", "{65A28D2D-80C6-4685-95E5-DA4EE66F14B1}"
EndProject
Global
	GlobalSection(SolutionConfigurationPlatforms) = preSolution
		Debug|Any CPU = Debug|Any CPU
		Release|Any CPU = Release|Any CPU
	EndGlobalSection
	GlobalSection(ProjectConfigurationPlatforms) = postSolution
		{65A28D2D-80C6-4685-95E5-DA4EE66F14B1}.Debug|Any CPU.ActiveCfg = Debug|Any CPU
		{65A28D2D-80C6-4685-95E5-DA4EE66F14B1}.Debug|Any CPU.Build.0 = Debug|Any CPU
		{65A28D2D-80C6-4685-95E5-DA4EE66F14B1}.Release|Any CPU.ActiveCfg = Release|Any CPU
		{65A28D2D-80C6-4685-95E5-DA4EE66F14B1}.Release|Any CPU.Build.0 = Release|Any CPU
	EndGlobalSection
	GlobalSection(SolutionProperties) = preSolution
		HideSolutionNode = FALSE
	EndGlobalSection
	GlobalSection(ExtensibilityGlobals) = postSolution
		SolutionGuid = {C6036D1C-D2D5-4B6D-B829-F2AC950A8909}
	EndGlobalSection
EndGlobal
