
Microsoft Visual Studio Solution File, Format Version 12.00
# Visual Studio Version 17
VisualStudioVersion = 17.0.32014.148
MinimumVisualStudioVersion = 10.0.40219.1
Project("{FAE04EC0-301F-11D3-BF4B-00C04F79EFBC}") = "Medicine", "Medicine\Medicine.csproj", "{442B172B-7C50-4858-8901-A767FEACD8BC}"
EndProject
Global
	GlobalSection(SolutionConfigurationPlatforms) = preSolution
		Debug|Any CPU = Debug|Any CPU
		Release|Any CPU = Release|Any CPU
	EndGlobalSection
	GlobalSection(ProjectConfigurationPlatforms) = postSolution
		{442B172B-7C50-4858-8901-A767FEACD8BC}.Debug|Any CPU.ActiveCfg = Debug|Any CPU
		{442B172B-7C50-4858-8901-A767FEACD8BC}.Debug|Any CPU.Build.0 = Debug|Any CPU
		{442B172B-7C50-4858-8901-A767FEACD8BC}.Release|Any CPU.ActiveCfg = Release|Any CPU
		{442B172B-7C50-4858-8901-A767FEACD8BC}.Release|Any CPU.Build.0 = Release|Any CPU
	EndGlobalSection
	GlobalSection(SolutionProperties) = preSolution
		HideSolutionNode = FALSE
	EndGlobalSection
	GlobalSection(ExtensibilityGlobals) = postSolution
		SolutionGuid = {FBFAD2FB-2B15-45FE-A290-14CF45F19FF9}
	EndGlobalSection
EndGlobal
