
Microsoft Visual Studio Solution File, Format Version 12.00
# Visual Studio Version 17
VisualStudioVersion = 17.1.32319.34
MinimumVisualStudioVersion = 10.0.40219.1
Project("{FAE04EC0-301F-11D3-BF4B-00C04F79EFBC}") = "FirstWebApplicationTest", "FirstWebApplicationTest\FirstWebApplicationTest.csproj", "{65AE0BF1-F584-4CC8-BD39-3BD604E1F49D}"
EndProject
Global
	GlobalSection(SolutionConfigurationPlatforms) = preSolution
		Debug|Any CPU = Debug|Any CPU
		Release|Any CPU = Release|Any CPU
	EndGlobalSection
	GlobalSection(ProjectConfigurationPlatforms) = postSolution
		{65AE0BF1-F584-4CC8-BD39-3BD604E1F49D}.Debug|Any CPU.ActiveCfg = Debug|Any CPU
		{65AE0BF1-F584-4CC8-BD39-3BD604E1F49D}.Debug|Any CPU.Build.0 = Debug|Any CPU
		{65AE0BF1-F584-4CC8-BD39-3BD604E1F49D}.Release|Any CPU.ActiveCfg = Release|Any CPU
		{65AE0BF1-F584-4CC8-BD39-3BD604E1F49D}.Release|Any CPU.Build.0 = Release|Any CPU
	EndGlobalSection
	GlobalSection(SolutionProperties) = preSolution
		HideSolutionNode = FALSE
	EndGlobalSection
	GlobalSection(ExtensibilityGlobals) = postSolution
		SolutionGuid = {E0FEC8C9-2C25-4848-B6F8-D21CC3EB11E2}
	EndGlobalSection
EndGlobal
