
Microsoft Visual Studio Solution File, Format Version 12.00
# Visual Studio Version 17
VisualStudioVersion = 17.1.32319.34
MinimumVisualStudioVersion = 10.0.40219.1
Project("{FAE04EC0-301F-11D3-BF4B-00C04F79EFBC}") = "empty test", "empty test\empty test.csproj", "{F4E07F6D-B199-49F4-AB14-D7974B096EFF}"
EndProject
Global
	GlobalSection(SolutionConfigurationPlatforms) = preSolution
		Debug|Any CPU = Debug|Any CPU
		Release|Any CPU = Release|Any CPU
	EndGlobalSection
	GlobalSection(ProjectConfigurationPlatforms) = postSolution
		{F4E07F6D-B199-49F4-AB14-D7974B096EFF}.Debug|Any CPU.ActiveCfg = Debug|Any CPU
		{F4E07F6D-B199-49F4-AB14-D7974B096EFF}.Debug|Any CPU.Build.0 = Debug|Any CPU
		{F4E07F6D-B199-49F4-AB14-D7974B096EFF}.Release|Any CPU.ActiveCfg = Release|Any CPU
		{F4E07F6D-B199-49F4-AB14-D7974B096EFF}.Release|Any CPU.Build.0 = Release|Any CPU
	EndGlobalSection
	GlobalSection(SolutionProperties) = preSolution
		HideSolutionNode = FALSE
	EndGlobalSection
	GlobalSection(ExtensibilityGlobals) = postSolution
		SolutionGuid = {6C47FDC7-8587-4A38-9B8A-D0AB59A44E95}
	EndGlobalSection
EndGlobal
