
Microsoft Visual Studio Solution File, Format Version 12.00
# Visual Studio Version 17
VisualStudioVersion = 17.0.32014.148
MinimumVisualStudioVersion = 10.0.40219.1
Project("{FAE04EC0-301F-11D3-BF4B-00C04F79EFBC}") = "FindMin", "FindMin\FindMin.csproj", "{607664EC-F1A0-4B5F-B525-045F72002E06}"
EndProject
Global
	GlobalSection(SolutionConfigurationPlatforms) = preSolution
		Debug|Any CPU = Debug|Any CPU
		Release|Any CPU = Release|Any CPU
	EndGlobalSection
	GlobalSection(ProjectConfigurationPlatforms) = postSolution
		{607664EC-F1A0-4B5F-B525-045F72002E06}.Debug|Any CPU.ActiveCfg = Debug|Any CPU
		{607664EC-F1A0-4B5F-B525-045F72002E06}.Debug|Any CPU.Build.0 = Debug|Any CPU
		{607664EC-F1A0-4B5F-B525-045F72002E06}.Release|Any CPU.ActiveCfg = Release|Any CPU
		{607664EC-F1A0-4B5F-B525-045F72002E06}.Release|Any CPU.Build.0 = Release|Any CPU
	EndGlobalSection
	GlobalSection(SolutionProperties) = preSolution
		HideSolutionNode = FALSE
	EndGlobalSection
	GlobalSection(ExtensibilityGlobals) = postSolution
		SolutionGuid = {CE88E198-EEFC-45EC-895D-4351F2431EBD}
	EndGlobalSection
EndGlobal
