
Microsoft Visual Studio Solution File, Format Version 12.00
# Visual Studio Version 17
VisualStudioVersion = 17.0.32014.148
MinimumVisualStudioVersion = 10.0.40219.1
Project("{FAE04EC0-301F-11D3-BF4B-00C04F79EFBC}") = "ClassEnum", "ClassEnum\ClassEnum.csproj", "{8A1A7A96-FAD0-49D3-95C3-A92B31BBDB73}"
EndProject
Global
	GlobalSection(SolutionConfigurationPlatforms) = preSolution
		Debug|Any CPU = Debug|Any CPU
		Release|Any CPU = Release|Any CPU
	EndGlobalSection
	GlobalSection(ProjectConfigurationPlatforms) = postSolution
		{8A1A7A96-FAD0-49D3-95C3-A92B31BBDB73}.Debug|Any CPU.ActiveCfg = Debug|Any CPU
		{8A1A7A96-FAD0-49D3-95C3-A92B31BBDB73}.Debug|Any CPU.Build.0 = Debug|Any CPU
		{8A1A7A96-FAD0-49D3-95C3-A92B31BBDB73}.Release|Any CPU.ActiveCfg = Release|Any CPU
		{8A1A7A96-FAD0-49D3-95C3-A92B31BBDB73}.Release|Any CPU.Build.0 = Release|Any CPU
	EndGlobalSection
	GlobalSection(SolutionProperties) = preSolution
		HideSolutionNode = FALSE
	EndGlobalSection
	GlobalSection(ExtensibilityGlobals) = postSolution
		SolutionGuid = {FB841DFF-A423-41A3-834C-6B1FA535F905}
	EndGlobalSection
EndGlobal
