
Microsoft Visual Studio Solution File, Format Version 12.00
# Visual Studio Version 17
VisualStudioVersion = 17.0.32014.148
MinimumVisualStudioVersion = 10.0.40219.1
Project("{FAE04EC0-301F-11D3-BF4B-00C04F79EFBC}") = "LiveTask2", "LiveTask2\LiveTask2.csproj", "{D725A81F-C6B6-4CE7-9B53-C6A2A9390441}"
EndProject
Global
	GlobalSection(SolutionConfigurationPlatforms) = preSolution
		Debug|Any CPU = Debug|Any CPU
		Release|Any CPU = Release|Any CPU
	EndGlobalSection
	GlobalSection(ProjectConfigurationPlatforms) = postSolution
		{D725A81F-C6B6-4CE7-9B53-C6A2A9390441}.Debug|Any CPU.ActiveCfg = Debug|Any CPU
		{D725A81F-C6B6-4CE7-9B53-C6A2A9390441}.Debug|Any CPU.Build.0 = Debug|Any CPU
		{D725A81F-C6B6-4CE7-9B53-C6A2A9390441}.Release|Any CPU.ActiveCfg = Release|Any CPU
		{D725A81F-C6B6-4CE7-9B53-C6A2A9390441}.Release|Any CPU.Build.0 = Release|Any CPU
	EndGlobalSection
	GlobalSection(SolutionProperties) = preSolution
		HideSolutionNode = FALSE
	EndGlobalSection
	GlobalSection(ExtensibilityGlobals) = postSolution
		SolutionGuid = {29065F35-EEC0-4EEC-8557-33B6D379EE10}
	EndGlobalSection
EndGlobal
