
Microsoft Visual Studio Solution File, Format Version 12.00
# Visual Studio Version 17
VisualStudioVersion = 17.0.32014.148
MinimumVisualStudioVersion = 10.0.40219.1
Project("{FAE04EC0-301F-11D3-BF4B-00C04F79EFBC}") = "BubbleSort", "BubbleSort\BubbleSort.csproj", "{011F95DA-DD4B-4AFB-9671-00B0E7501CDF}"
EndProject
Global
	GlobalSection(SolutionConfigurationPlatforms) = preSolution
		Debug|Any CPU = Debug|Any CPU
		Release|Any CPU = Release|Any CPU
	EndGlobalSection
	GlobalSection(ProjectConfigurationPlatforms) = postSolution
		{011F95DA-DD4B-4AFB-9671-00B0E7501CDF}.Debug|Any CPU.ActiveCfg = Debug|Any CPU
		{011F95DA-DD4B-4AFB-9671-00B0E7501CDF}.Debug|Any CPU.Build.0 = Debug|Any CPU
		{011F95DA-DD4B-4AFB-9671-00B0E7501CDF}.Release|Any CPU.ActiveCfg = Release|Any CPU
		{011F95DA-DD4B-4AFB-9671-00B0E7501CDF}.Release|Any CPU.Build.0 = Release|Any CPU
	EndGlobalSection
	GlobalSection(SolutionProperties) = preSolution
		HideSolutionNode = FALSE
	EndGlobalSection
	GlobalSection(ExtensibilityGlobals) = postSolution
		SolutionGuid = {1CF68987-3731-43B7-81C9-C6197D105E80}
	EndGlobalSection
EndGlobal
