
Microsoft Visual Studio Solution File, Format Version 12.00
# Visual Studio Version 17
VisualStudioVersion = 17.0.32014.148
MinimumVisualStudioVersion = 10.0.40219.1
Project("{FAE04EC0-301F-11D3-BF4B-00C04F79EFBC}") = "BlogSS", "BlogSS\BlogSS.csproj", "{4BE52ECA-631D-4817-9479-693FFC2736BF}"
EndProject
Global
	GlobalSection(SolutionConfigurationPlatforms) = preSolution
		Debug|Any CPU = Debug|Any CPU
		Release|Any CPU = Release|Any CPU
	EndGlobalSection
	GlobalSection(ProjectConfigurationPlatforms) = postSolution
		{4BE52ECA-631D-4817-9479-693FFC2736BF}.Debug|Any CPU.ActiveCfg = Debug|Any CPU
		{4BE52ECA-631D-4817-9479-693FFC2736BF}.Debug|Any CPU.Build.0 = Debug|Any CPU
		{4BE52ECA-631D-4817-9479-693FFC2736BF}.Release|Any CPU.ActiveCfg = Release|Any CPU
		{4BE52ECA-631D-4817-9479-693FFC2736BF}.Release|Any CPU.Build.0 = Release|Any CPU
	EndGlobalSection
	GlobalSection(SolutionProperties) = preSolution
		HideSolutionNode = FALSE
	EndGlobalSection
	GlobalSection(ExtensibilityGlobals) = postSolution
		SolutionGuid = {C1F7AB22-2E6E-49FE-B2DB-8A8CE48A6232}
	EndGlobalSection
EndGlobal
