
Microsoft Visual Studio Solution File, Format Version 12.00
# Visual Studio Version 17
VisualStudioVersion = 17.1.32319.34
MinimumVisualStudioVersion = 10.0.40219.1
Project("{FAE04EC0-301F-11D3-BF4B-00C04F79EFBC}") = "StrongPasswordHACKERRANK", "StrongPasswordHACKERRANK\StrongPasswordHACKERRANK.csproj", "{43E8C731-88C1-4F44-A21D-794E1538E48F}"
EndProject
Global
	GlobalSection(SolutionConfigurationPlatforms) = preSolution
		Debug|Any CPU = Debug|Any CPU
		Release|Any CPU = Release|Any CPU
	EndGlobalSection
	GlobalSection(ProjectConfigurationPlatforms) = postSolution
		{43E8C731-88C1-4F44-A21D-794E1538E48F}.Debug|Any CPU.ActiveCfg = Debug|Any CPU
		{43E8C731-88C1-4F44-A21D-794E1538E48F}.Debug|Any CPU.Build.0 = Debug|Any CPU
		{43E8C731-88C1-4F44-A21D-794E1538E48F}.Release|Any CPU.ActiveCfg = Release|Any CPU
		{43E8C731-88C1-4F44-A21D-794E1538E48F}.Release|Any CPU.Build.0 = Release|Any CPU
	EndGlobalSection
	GlobalSection(SolutionProperties) = preSolution
		HideSolutionNode = FALSE
	EndGlobalSection
	GlobalSection(ExtensibilityGlobals) = postSolution
		SolutionGuid = {4B021FFD-DE51-40B7-84DB-F9EF07CD2139}
	EndGlobalSection
EndGlobal
