
Microsoft Visual Studio Solution File, Format Version 12.00
# Visual Studio Version 17
VisualStudioVersion = 17.0.32014.148
MinimumVisualStudioVersion = 10.0.40219.1
Project("{FAE04EC0-301F-11D3-BF4B-00C04F79EFBC}") = "a_b_meselesi", "a_b_meselesi\a_b_meselesi.csproj", "{79EBF0A8-1A51-47F7-94E9-A6611E10DD54}"
EndProject
Global
	GlobalSection(SolutionConfigurationPlatforms) = preSolution
		Debug|Any CPU = Debug|Any CPU
		Release|Any CPU = Release|Any CPU
	EndGlobalSection
	GlobalSection(ProjectConfigurationPlatforms) = postSolution
		{79EBF0A8-1A51-47F7-94E9-A6611E10DD54}.Debug|Any CPU.ActiveCfg = Debug|Any CPU
		{79EBF0A8-1A51-47F7-94E9-A6611E10DD54}.Debug|Any CPU.Build.0 = Debug|Any CPU
		{79EBF0A8-1A51-47F7-94E9-A6611E10DD54}.Release|Any CPU.ActiveCfg = Release|Any CPU
		{79EBF0A8-1A51-47F7-94E9-A6611E10DD54}.Release|Any CPU.Build.0 = Release|Any CPU
	EndGlobalSection
	GlobalSection(SolutionProperties) = preSolution
		HideSolutionNode = FALSE
	EndGlobalSection
	GlobalSection(ExtensibilityGlobals) = postSolution
		SolutionGuid = {D2FEBF4C-BA4D-453F-8E21-995444FCB3EC}
	EndGlobalSection
EndGlobal
