
Microsoft Visual Studio Solution File, Format Version 12.00
# Visual Studio Version 17
VisualStudioVersion = 17.0.32014.148
MinimumVisualStudioVersion = 10.0.40219.1
Project("{FAE04EC0-301F-11D3-BF4B-00C04F79EFBC}") = "AccountClass", "AccountClass\AccountClass.csproj", "{C8C2D507-FC79-4C95-B88A-53AF74763368}"
EndProject
Global
	GlobalSection(SolutionConfigurationPlatforms) = preSolution
		Debug|Any CPU = Debug|Any CPU
		Release|Any CPU = Release|Any CPU
	EndGlobalSection
	GlobalSection(ProjectConfigurationPlatforms) = postSolution
		{C8C2D507-FC79-4C95-B88A-53AF74763368}.Debug|Any CPU.ActiveCfg = Debug|Any CPU
		{C8C2D507-FC79-4C95-B88A-53AF74763368}.Debug|Any CPU.Build.0 = Debug|Any CPU
		{C8C2D507-FC79-4C95-B88A-53AF74763368}.Release|Any CPU.ActiveCfg = Release|Any CPU
		{C8C2D507-FC79-4C95-B88A-53AF74763368}.Release|Any CPU.Build.0 = Release|Any CPU
	EndGlobalSection
	GlobalSection(SolutionProperties) = preSolution
		HideSolutionNode = FALSE
	EndGlobalSection
	GlobalSection(ExtensibilityGlobals) = postSolution
		SolutionGuid = {3696A95A-C750-42BC-A640-5747C52717BB}
	EndGlobalSection
EndGlobal
