
Microsoft Visual Studio Solution File, Format Version 12.00
# Visual Studio Version 17
VisualStudioVersion = 17.0.32014.148
MinimumVisualStudioVersion = 10.0.40219.1
Project("{FAE04EC0-301F-11D3-BF4B-00C04F79EFBC}") = "Task1", "Task1\Task1.csproj", "{005C9A86-FDBF-4939-9A28-AD5B08D5F58F}"
EndProject
Global
	GlobalSection(SolutionConfigurationPlatforms) = preSolution
		Debug|Any CPU = Debug|Any CPU
		Release|Any CPU = Release|Any CPU
	EndGlobalSection
	GlobalSection(ProjectConfigurationPlatforms) = postSolution
		{005C9A86-FDBF-4939-9A28-AD5B08D5F58F}.Debug|Any CPU.ActiveCfg = Debug|Any CPU
		{005C9A86-FDBF-4939-9A28-AD5B08D5F58F}.Debug|Any CPU.Build.0 = Debug|Any CPU
		{005C9A86-FDBF-4939-9A28-AD5B08D5F58F}.Release|Any CPU.ActiveCfg = Release|Any CPU
		{005C9A86-FDBF-4939-9A28-AD5B08D5F58F}.Release|Any CPU.Build.0 = Release|Any CPU
	EndGlobalSection
	GlobalSection(SolutionProperties) = preSolution
		HideSolutionNode = FALSE
	EndGlobalSection
	GlobalSection(ExtensibilityGlobals) = postSolution
		SolutionGuid = {8C947D04-B8E5-461F-A797-7F296FB342B1}
	EndGlobalSection
EndGlobal
