
Microsoft Visual Studio Solution File, Format Version 12.00
# Visual Studio Version 17
VisualStudioVersion = 17.0.32014.148
MinimumVisualStudioVersion = 10.0.40219.1
Project("{FAE04EC0-301F-11D3-BF4B-00C04F79EFBC}") = "lesson6", "lesson6\lesson6.csproj", "{C6B91A76-06E0-42E9-BD18-BCA8870E5A27}"
EndProject
Global
	GlobalSection(SolutionConfigurationPlatforms) = preSolution
		Debug|Any CPU = Debug|Any CPU
		Release|Any CPU = Release|Any CPU
	EndGlobalSection
	GlobalSection(ProjectConfigurationPlatforms) = postSolution
		{C6B91A76-06E0-42E9-BD18-BCA8870E5A27}.Debug|Any CPU.ActiveCfg = Debug|Any CPU
		{C6B91A76-06E0-42E9-BD18-BCA8870E5A27}.Debug|Any CPU.Build.0 = Debug|Any CPU
		{C6B91A76-06E0-42E9-BD18-BCA8870E5A27}.Release|Any CPU.ActiveCfg = Release|Any CPU
		{C6B91A76-06E0-42E9-BD18-BCA8870E5A27}.Release|Any CPU.Build.0 = Release|Any CPU
	EndGlobalSection
	GlobalSection(SolutionProperties) = preSolution
		HideSolutionNode = FALSE
	EndGlobalSection
	GlobalSection(ExtensibilityGlobals) = postSolution
		SolutionGuid = {D8EFB16E-CB6C-459B-8676-F5D28A619FFB}
	EndGlobalSection
EndGlobal
