
Microsoft Visual Studio Solution File, Format Version 12.00
# Visual Studio Version 17
VisualStudioVersion = 17.1.32319.34
MinimumVisualStudioVersion = 10.0.40219.1
Project("{FAE04EC0-301F-11D3-BF4B-00C04F79EFBC}") = "BlogProject", "BlogProject\BlogProject.csproj", "{83C1D77B-3ABD-44BB-A1BE-7A8CF9F448D4}"
EndProject
Project("{FAE04EC0-301F-11D3-BF4B-00C04F79EFBC}") = "EntityLayer", "EntityLayer\EntityLayer.csproj", "{7AF67A3D-A359-484E-BA97-3A155B9CA016}"
EndProject
Project("{FAE04EC0-301F-11D3-BF4B-00C04F79EFBC}") = "DataAccessLayer", "DataAccessLayer\DataAccessLayer.csproj", "{EEE5B6FE-1211-4B2C-B209-42355F5204B8}"
EndProject
Project("{FAE04EC0-301F-11D3-BF4B-00C04F79EFBC}") = "BusinessLayer", "BusinessLayer\BusinessLayer.csproj", "{B39D5371-6B46-4F53-9DD8-5CCA0E39A23B}"
EndProject
Project("{FAE04EC0-301F-11D3-BF4B-00C04F79EFBC}") = "CoreLayer", "CoreLayer\CoreLayer.csproj", "{8F713F76-693E-4A94-BA55-38AD5155688C}"
EndProject
Global
	GlobalSection(SolutionConfigurationPlatforms) = preSolution
		Debug|Any CPU = Debug|Any CPU
		Release|Any CPU = Release|Any CPU
	EndGlobalSection
	GlobalSection(ProjectConfigurationPlatforms) = postSolution
		{83C1D77B-3ABD-44BB-A1BE-7A8CF9F448D4}.Debug|Any CPU.ActiveCfg = Debug|Any CPU
		{83C1D77B-3ABD-44BB-A1BE-7A8CF9F448D4}.Debug|Any CPU.Build.0 = Debug|Any CPU
		{83C1D77B-3ABD-44BB-A1BE-7A8CF9F448D4}.Release|Any CPU.ActiveCfg = Release|Any CPU
		{83C1D77B-3ABD-44BB-A1BE-7A8CF9F448D4}.Release|Any CPU.Build.0 = Release|Any CPU
		{7AF67A3D-A359-484E-BA97-3A155B9CA016}.Debug|Any CPU.ActiveCfg = Debug|Any CPU
		{7AF67A3D-A359-484E-BA97-3A155B9CA016}.Debug|Any CPU.Build.0 = Debug|Any CPU
		{7AF67A3D-A359-484E-BA97-3A155B9CA016}.Release|Any CPU.ActiveCfg = Release|Any CPU
		{7AF67A3D-A359-484E-BA97-3A155B9CA016}.Release|Any CPU.Build.0 = Release|Any CPU
		{EEE5B6FE-1211-4B2C-B209-42355F5204B8}.Debug|Any CPU.ActiveCfg = Debug|Any CPU
		{EEE5B6FE-1211-4B2C-B209-42355F5204B8}.Debug|Any CPU.Build.0 = Debug|Any CPU
		{EEE5B6FE-1211-4B2C-B209-42355F5204B8}.Release|Any CPU.ActiveCfg = Release|Any CPU
		{EEE5B6FE-1211-4B2C-B209-42355F5204B8}.Release|Any CPU.Build.0 = Release|Any CPU
		{B39D5371-6B46-4F53-9DD8-5CCA0E39A23B}.Debug|Any CPU.ActiveCfg = Debug|Any CPU
		{B39D5371-6B46-4F53-9DD8-5CCA0E39A23B}.Debug|Any CPU.Build.0 = Debug|Any CPU
		{B39D5371-6B46-4F53-9DD8-5CCA0E39A23B}.Release|Any CPU.ActiveCfg = Release|Any CPU
		{B39D5371-6B46-4F53-9DD8-5CCA0E39A23B}.Release|Any CPU.Build.0 = Release|Any CPU
		{8F713F76-693E-4A94-BA55-38AD5155688C}.Debug|Any CPU.ActiveCfg = Debug|Any CPU
		{8F713F76-693E-4A94-BA55-38AD5155688C}.Debug|Any CPU.Build.0 = Debug|Any CPU
		{8F713F76-693E-4A94-BA55-38AD5155688C}.Release|Any CPU.ActiveCfg = Release|Any CPU
		{8F713F76-693E-4A94-BA55-38AD5155688C}.Release|Any CPU.Build.0 = Release|Any CPU
	EndGlobalSection
	GlobalSection(SolutionProperties) = preSolution
		HideSolutionNode = FALSE
	EndGlobalSection
	GlobalSection(ExtensibilityGlobals) = postSolution
		SolutionGuid = {2E921756-CAF8-420A-A323-835048F37AEA}
	EndGlobalSection
EndGlobal
