
Microsoft Visual Studio Solution File, Format Version 12.00
# Visual Studio Version 17
VisualStudioVersion = 17.0.32014.148
MinimumVisualStudioVersion = 10.0.40219.1
Project("{FAE04EC0-301F-11D3-BF4B-00C04F79EFBC}") = "FindMax", "FindMax\FindMax.csproj", "{718B00E4-194B-4DCB-9229-E172E944C8C9}"
EndProject
Global
	GlobalSection(SolutionConfigurationPlatforms) = preSolution
		Debug|Any CPU = Debug|Any CPU
		Release|Any CPU = Release|Any CPU
	EndGlobalSection
	GlobalSection(ProjectConfigurationPlatforms) = postSolution
		{718B00E4-194B-4DCB-9229-E172E944C8C9}.Debug|Any CPU.ActiveCfg = Debug|Any CPU
		{718B00E4-194B-4DCB-9229-E172E944C8C9}.Debug|Any CPU.Build.0 = Debug|Any CPU
		{718B00E4-194B-4DCB-9229-E172E944C8C9}.Release|Any CPU.ActiveCfg = Release|Any CPU
		{718B00E4-194B-4DCB-9229-E172E944C8C9}.Release|Any CPU.Build.0 = Release|Any CPU
	EndGlobalSection
	GlobalSection(SolutionProperties) = preSolution
		HideSolutionNode = FALSE
	EndGlobalSection
	GlobalSection(ExtensibilityGlobals) = postSolution
		SolutionGuid = {B44FE7C8-F1FB-49F4-A1D4-A4815B8A459F}
	EndGlobalSection
EndGlobal
