
Microsoft Visual Studio Solution File, Format Version 12.00
# Visual Studio Version 17
VisualStudioVersion = 17.0.32014.148
MinimumVisualStudioVersion = 10.0.40219.1
Project("{FAE04EC0-301F-11D3-BF4B-00C04F79EFBC}") = "Cheese", "Cheese\Cheese.csproj", "{EDAB6486-2A89-4632-9993-DBA9B549AE22}"
EndProject
Global
	GlobalSection(SolutionConfigurationPlatforms) = preSolution
		Debug|Any CPU = Debug|Any CPU
		Release|Any CPU = Release|Any CPU
	EndGlobalSection
	GlobalSection(ProjectConfigurationPlatforms) = postSolution
		{EDAB6486-2A89-4632-9993-DBA9B549AE22}.Debug|Any CPU.ActiveCfg = Debug|Any CPU
		{EDAB6486-2A89-4632-9993-DBA9B549AE22}.Debug|Any CPU.Build.0 = Debug|Any CPU
		{EDAB6486-2A89-4632-9993-DBA9B549AE22}.Release|Any CPU.ActiveCfg = Release|Any CPU
		{EDAB6486-2A89-4632-9993-DBA9B549AE22}.Release|Any CPU.Build.0 = Release|Any CPU
	EndGlobalSection
	GlobalSection(SolutionProperties) = preSolution
		HideSolutionNode = FALSE
	EndGlobalSection
	GlobalSection(ExtensibilityGlobals) = postSolution
		SolutionGuid = {7C8FBCF2-F2B7-40F7-A2FE-49EC6EF4919E}
	EndGlobalSection
EndGlobal
