
Microsoft Visual Studio Solution File, Format Version 12.00
# Visual Studio Version 17
VisualStudioVersion = 17.0.32014.148
MinimumVisualStudioVersion = 10.0.40219.1
Project("{FAE04EC0-301F-11D3-BF4B-00C04F79EFBC}") = "QueueList", "QueueList\QueueList.csproj", "{D7BC35F3-9D04-4C32-8E12-206351217A0F}"
EndProject
Global
	GlobalSection(SolutionConfigurationPlatforms) = preSolution
		Debug|Any CPU = Debug|Any CPU
		Release|Any CPU = Release|Any CPU
	EndGlobalSection
	GlobalSection(ProjectConfigurationPlatforms) = postSolution
		{D7BC35F3-9D04-4C32-8E12-206351217A0F}.Debug|Any CPU.ActiveCfg = Debug|Any CPU
		{D7BC35F3-9D04-4C32-8E12-206351217A0F}.Debug|Any CPU.Build.0 = Debug|Any CPU
		{D7BC35F3-9D04-4C32-8E12-206351217A0F}.Release|Any CPU.ActiveCfg = Release|Any CPU
		{D7BC35F3-9D04-4C32-8E12-206351217A0F}.Release|Any CPU.Build.0 = Release|Any CPU
	EndGlobalSection
	GlobalSection(SolutionProperties) = preSolution
		HideSolutionNode = FALSE
	EndGlobalSection
	GlobalSection(ExtensibilityGlobals) = postSolution
		SolutionGuid = {B5FF7D57-8A5F-44CD-84D4-8F07D8FC66C8}
	EndGlobalSection
EndGlobal
