
Microsoft Visual Studio Solution File, Format Version 12.00
# Visual Studio Version 17
VisualStudioVersion = 17.0.32014.148
MinimumVisualStudioVersion = 10.0.40219.1
Project("{FAE04EC0-301F-11D3-BF4B-00C04F79EFBC}") = "GetterSetter", "GetterSetter\GetterSetter.csproj", "{FC961D8B-1F58-4E39-9BE0-3B570E5EB05A}"
EndProject
Global
	GlobalSection(SolutionConfigurationPlatforms) = preSolution
		Debug|Any CPU = Debug|Any CPU
		Release|Any CPU = Release|Any CPU
	EndGlobalSection
	GlobalSection(ProjectConfigurationPlatforms) = postSolution
		{FC961D8B-1F58-4E39-9BE0-3B570E5EB05A}.Debug|Any CPU.ActiveCfg = Debug|Any CPU
		{FC961D8B-1F58-4E39-9BE0-3B570E5EB05A}.Debug|Any CPU.Build.0 = Debug|Any CPU
		{FC961D8B-1F58-4E39-9BE0-3B570E5EB05A}.Release|Any CPU.ActiveCfg = Release|Any CPU
		{FC961D8B-1F58-4E39-9BE0-3B570E5EB05A}.Release|Any CPU.Build.0 = Release|Any CPU
	EndGlobalSection
	GlobalSection(SolutionProperties) = preSolution
		HideSolutionNode = FALSE
	EndGlobalSection
	GlobalSection(ExtensibilityGlobals) = postSolution
		SolutionGuid = {D81100A8-4D4B-4C42-A905-6704B988DABD}
	EndGlobalSection
EndGlobal
