
Microsoft Visual Studio Solution File, Format Version 12.00
# Visual Studio Version 17
VisualStudioVersion = 17.0.32014.148
MinimumVisualStudioVersion = 10.0.40219.1
Project("{FAE04EC0-301F-11D3-BF4B-00C04F79EFBC}") = "LiveTask", "LiveTask\LiveTask.csproj", "{C489B1DB-571D-4FC0-B930-253C888BCFBC}"
EndProject
Global
	GlobalSection(SolutionConfigurationPlatforms) = preSolution
		Debug|Any CPU = Debug|Any CPU
		Release|Any CPU = Release|Any CPU
	EndGlobalSection
	GlobalSection(ProjectConfigurationPlatforms) = postSolution
		{C489B1DB-571D-4FC0-B930-253C888BCFBC}.Debug|Any CPU.ActiveCfg = Debug|Any CPU
		{C489B1DB-571D-4FC0-B930-253C888BCFBC}.Debug|Any CPU.Build.0 = Debug|Any CPU
		{C489B1DB-571D-4FC0-B930-253C888BCFBC}.Release|Any CPU.ActiveCfg = Release|Any CPU
		{C489B1DB-571D-4FC0-B930-253C888BCFBC}.Release|Any CPU.Build.0 = Release|Any CPU
	EndGlobalSection
	GlobalSection(SolutionProperties) = preSolution
		HideSolutionNode = FALSE
	EndGlobalSection
	GlobalSection(ExtensibilityGlobals) = postSolution
		SolutionGuid = {F0F37F9E-A51D-4400-BB66-2FD8D95198F0}
	EndGlobalSection
EndGlobal
