
Microsoft Visual Studio Solution File, Format Version 12.00
# Visual Studio Version 17
VisualStudioVersion = 17.0.32014.148
MinimumVisualStudioVersion = 10.0.40219.1
Project("{FAE04EC0-301F-11D3-BF4B-00C04F79EFBC}") = "test123", "test123\test123.csproj", "{8FFEC828-3429-4723-9230-11521422B3D7}"
EndProject
Global
	GlobalSection(SolutionConfigurationPlatforms) = preSolution
		Debug|Any CPU = Debug|Any CPU
		Release|Any CPU = Release|Any CPU
	EndGlobalSection
	GlobalSection(ProjectConfigurationPlatforms) = postSolution
		{8FFEC828-3429-4723-9230-11521422B3D7}.Debug|Any CPU.ActiveCfg = Debug|Any CPU
		{8FFEC828-3429-4723-9230-11521422B3D7}.Debug|Any CPU.Build.0 = Debug|Any CPU
		{8FFEC828-3429-4723-9230-11521422B3D7}.Release|Any CPU.ActiveCfg = Release|Any CPU
		{8FFEC828-3429-4723-9230-11521422B3D7}.Release|Any CPU.Build.0 = Release|Any CPU
	EndGlobalSection
	GlobalSection(SolutionProperties) = preSolution
		HideSolutionNode = FALSE
	EndGlobalSection
	GlobalSection(ExtensibilityGlobals) = postSolution
		SolutionGuid = {D9840250-6A97-49A2-A405-0553E61B9DC2}
	EndGlobalSection
EndGlobal
