
Microsoft Visual Studio Solution File, Format Version 12.00
# Visual Studio Version 17
VisualStudioVersion = 17.0.32014.148
MinimumVisualStudioVersion = 10.0.40219.1
Project("{FAE04EC0-301F-11D3-BF4B-00C04F79EFBC}") = "Bank", "Bank\Bank.csproj", "{1E78C2C9-AEB9-44E5-85BF-FCE0968421AA}"
EndProject
Global
	GlobalSection(SolutionConfigurationPlatforms) = preSolution
		Debug|Any CPU = Debug|Any CPU
		Release|Any CPU = Release|Any CPU
	EndGlobalSection
	GlobalSection(ProjectConfigurationPlatforms) = postSolution
		{1E78C2C9-AEB9-44E5-85BF-FCE0968421AA}.Debug|Any CPU.ActiveCfg = Debug|Any CPU
		{1E78C2C9-AEB9-44E5-85BF-FCE0968421AA}.Debug|Any CPU.Build.0 = Debug|Any CPU
		{1E78C2C9-AEB9-44E5-85BF-FCE0968421AA}.Release|Any CPU.ActiveCfg = Release|Any CPU
		{1E78C2C9-AEB9-44E5-85BF-FCE0968421AA}.Release|Any CPU.Build.0 = Release|Any CPU
	EndGlobalSection
	GlobalSection(SolutionProperties) = preSolution
		HideSolutionNode = FALSE
	EndGlobalSection
	GlobalSection(ExtensibilityGlobals) = postSolution
		SolutionGuid = {09E3A021-727F-4DFE-8DC0-2A40BD65F11F}
	EndGlobalSection
EndGlobal
