
Microsoft Visual Studio Solution File, Format Version 12.00
# Visual Studio Version 17
VisualStudioVersion = 17.0.32014.148
MinimumVisualStudioVersion = 10.0.40219.1
Project("{FAE04EC0-301F-11D3-BF4B-00C04F79EFBC}") = "DictionaryTask", "DictionaryTask\DictionaryTask.csproj", "{7523FA2A-F406-4C09-AFF2-1A2256D3656D}"
EndProject
Global
	GlobalSection(SolutionConfigurationPlatforms) = preSolution
		Debug|Any CPU = Debug|Any CPU
		Release|Any CPU = Release|Any CPU
	EndGlobalSection
	GlobalSection(ProjectConfigurationPlatforms) = postSolution
		{7523FA2A-F406-4C09-AFF2-1A2256D3656D}.Debug|Any CPU.ActiveCfg = Debug|Any CPU
		{7523FA2A-F406-4C09-AFF2-1A2256D3656D}.Debug|Any CPU.Build.0 = Debug|Any CPU
		{7523FA2A-F406-4C09-AFF2-1A2256D3656D}.Release|Any CPU.ActiveCfg = Release|Any CPU
		{7523FA2A-F406-4C09-AFF2-1A2256D3656D}.Release|Any CPU.Build.0 = Release|Any CPU
	EndGlobalSection
	GlobalSection(SolutionProperties) = preSolution
		HideSolutionNode = FALSE
	EndGlobalSection
	GlobalSection(ExtensibilityGlobals) = postSolution
		SolutionGuid = {D8B6EB89-3797-4AAE-A768-BA9A00C03F3C}
	EndGlobalSection
EndGlobal
