
Microsoft Visual Studio Solution File, Format Version 12.00
# Visual Studio Version 17
VisualStudioVersion = 17.1.32228.430
MinimumVisualStudioVersion = 10.0.40219.1
Project("{FAE04EC0-301F-11D3-BF4B-00C04F79EFBC}") = "GreenGarden_Stock", "GreenGarden_Stock\GreenGarden_Stock.csproj", "{2E2B1662-D1BE-4BA5-BF71-325CD4BF9950}"
EndProject
Global
	GlobalSection(SolutionConfigurationPlatforms) = preSolution
		Debug|Any CPU = Debug|Any CPU
		Release|Any CPU = Release|Any CPU
	EndGlobalSection
	GlobalSection(ProjectConfigurationPlatforms) = postSolution
		{2E2B1662-D1BE-4BA5-BF71-325CD4BF9950}.Debug|Any CPU.ActiveCfg = Debug|Any CPU
		{2E2B1662-D1BE-4BA5-BF71-325CD4BF9950}.Debug|Any CPU.Build.0 = Debug|Any CPU
		{2E2B1662-D1BE-4BA5-BF71-325CD4BF9950}.Release|Any CPU.ActiveCfg = Release|Any CPU
		{2E2B1662-D1BE-4BA5-BF71-325CD4BF9950}.Release|Any CPU.Build.0 = Release|Any CPU
	EndGlobalSection
	GlobalSection(SolutionProperties) = preSolution
		HideSolutionNode = FALSE
	EndGlobalSection
	GlobalSection(ExtensibilityGlobals) = postSolution
		SolutionGuid = {B1E46D62-9B3C-426F-8FC0-1662EEF0D9BF}
	EndGlobalSection
EndGlobal
