
Microsoft Visual Studio Solution File, Format Version 12.00
# Visual Studio Version 17
VisualStudioVersion = 17.1.32319.34
MinimumVisualStudioVersion = 10.0.40219.1
Project("{FAE04EC0-301F-11D3-BF4B-00C04F79EFBC}") = "FirstWebProject", "FirstWebProject\FirstWebProject.csproj", "{21BA40BF-EB8B-4474-854F-112D7B5A9B94}"
EndProject
Global
	GlobalSection(SolutionConfigurationPlatforms) = preSolution
		Debug|Any CPU = Debug|Any CPU
		Release|Any CPU = Release|Any CPU
	EndGlobalSection
	GlobalSection(ProjectConfigurationPlatforms) = postSolution
		{21BA40BF-EB8B-4474-854F-112D7B5A9B94}.Debug|Any CPU.ActiveCfg = Debug|Any CPU
		{21BA40BF-EB8B-4474-854F-112D7B5A9B94}.Debug|Any CPU.Build.0 = Debug|Any CPU
		{21BA40BF-EB8B-4474-854F-112D7B5A9B94}.Release|Any CPU.ActiveCfg = Release|Any CPU
		{21BA40BF-EB8B-4474-854F-112D7B5A9B94}.Release|Any CPU.Build.0 = Release|Any CPU
	EndGlobalSection
	GlobalSection(SolutionProperties) = preSolution
		HideSolutionNode = FALSE
	EndGlobalSection
	GlobalSection(ExtensibilityGlobals) = postSolution
		SolutionGuid = {6C336E5B-7F40-47B3-AA25-B5F4CDB41776}
	EndGlobalSection
EndGlobal
