
Microsoft Visual Studio Solution File, Format Version 12.00
# Visual Studio Version 17
VisualStudioVersion = 17.0.32014.148
MinimumVisualStudioVersion = 10.0.40219.1
Project("{FAE04EC0-301F-11D3-BF4B-00C04F79EFBC}") = "Fibonacci", "Fibonacci\Fibonacci.csproj", "{9A13AD56-C47F-4DF6-924E-3A331CE93BDB}"
EndProject
Global
	GlobalSection(SolutionConfigurationPlatforms) = preSolution
		Debug|Any CPU = Debug|Any CPU
		Release|Any CPU = Release|Any CPU
	EndGlobalSection
	GlobalSection(ProjectConfigurationPlatforms) = postSolution
		{9A13AD56-C47F-4DF6-924E-3A331CE93BDB}.Debug|Any CPU.ActiveCfg = Debug|Any CPU
		{9A13AD56-C47F-4DF6-924E-3A331CE93BDB}.Debug|Any CPU.Build.0 = Debug|Any CPU
		{9A13AD56-C47F-4DF6-924E-3A331CE93BDB}.Release|Any CPU.ActiveCfg = Release|Any CPU
		{9A13AD56-C47F-4DF6-924E-3A331CE93BDB}.Release|Any CPU.Build.0 = Release|Any CPU
	EndGlobalSection
	GlobalSection(SolutionProperties) = preSolution
		HideSolutionNode = FALSE
	EndGlobalSection
	GlobalSection(ExtensibilityGlobals) = postSolution
		SolutionGuid = {82D9325B-9372-43E3-A885-CC506D0CE49A}
	EndGlobalSection
EndGlobal
