
Microsoft Visual Studio Solution File, Format Version 12.00
# Visual Studio Version 17
VisualStudioVersion = 17.0.32014.148
MinimumVisualStudioVersion = 10.0.40219.1
Project("{FAE04EC0-301F-11D3-BF4B-00C04F79EFBC}") = "Delegate", "Delegate\Delegate.csproj", "{F65175C9-E2E8-47C3-9073-732696708EBB}"
EndProject
Global
	GlobalSection(SolutionConfigurationPlatforms) = preSolution
		Debug|Any CPU = Debug|Any CPU
		Release|Any CPU = Release|Any CPU
	EndGlobalSection
	GlobalSection(ProjectConfigurationPlatforms) = postSolution
		{F65175C9-E2E8-47C3-9073-732696708EBB}.Debug|Any CPU.ActiveCfg = Debug|Any CPU
		{F65175C9-E2E8-47C3-9073-732696708EBB}.Debug|Any CPU.Build.0 = Debug|Any CPU
		{F65175C9-E2E8-47C3-9073-732696708EBB}.Release|Any CPU.ActiveCfg = Release|Any CPU
		{F65175C9-E2E8-47C3-9073-732696708EBB}.Release|Any CPU.Build.0 = Release|Any CPU
	EndGlobalSection
	GlobalSection(SolutionProperties) = preSolution
		HideSolutionNode = FALSE
	EndGlobalSection
	GlobalSection(ExtensibilityGlobals) = postSolution
		SolutionGuid = {8EC93CBE-C9A2-4394-BAF5-F4B6ACF439F5}
	EndGlobalSection
EndGlobal
