
Microsoft Visual Studio Solution File, Format Version 12.00
# Visual Studio Version 17
VisualStudioVersion = 17.0.32014.148
MinimumVisualStudioVersion = 10.0.40219.1
Project("{FAE04EC0-301F-11D3-BF4B-00C04F79EFBC}") = "ListTask3", "ListTask3\ListTask3.csproj", "{AAA3BC73-96FA-4044-93A3-A99671919EB1}"
EndProject
Global
	GlobalSection(SolutionConfigurationPlatforms) = preSolution
		Debug|Any CPU = Debug|Any CPU
		Release|Any CPU = Release|Any CPU
	EndGlobalSection
	GlobalSection(ProjectConfigurationPlatforms) = postSolution
		{AAA3BC73-96FA-4044-93A3-A99671919EB1}.Debug|Any CPU.ActiveCfg = Debug|Any CPU
		{AAA3BC73-96FA-4044-93A3-A99671919EB1}.Debug|Any CPU.Build.0 = Debug|Any CPU
		{AAA3BC73-96FA-4044-93A3-A99671919EB1}.Release|Any CPU.ActiveCfg = Release|Any CPU
		{AAA3BC73-96FA-4044-93A3-A99671919EB1}.Release|Any CPU.Build.0 = Release|Any CPU
	EndGlobalSection
	GlobalSection(SolutionProperties) = preSolution
		HideSolutionNode = FALSE
	EndGlobalSection
	GlobalSection(ExtensibilityGlobals) = postSolution
		SolutionGuid = {0FEB96B3-BFCB-409B-A119-E50ABCC4250E}
	EndGlobalSection
EndGlobal
