
Microsoft Visual Studio Solution File, Format Version 12.00
# Visual Studio Version 17
VisualStudioVersion = 17.0.32014.148
MinimumVisualStudioVersion = 10.0.40219.1
Project("{FAE04EC0-301F-11D3-BF4B-00C04F79EFBC}") = "hozu", "hozu\hozu.csproj", "{8EFF0CF2-03A2-4A93-979A-D47FBD792C7B}"
EndProject
Global
	GlobalSection(SolutionConfigurationPlatforms) = preSolution
		Debug|Any CPU = Debug|Any CPU
		Release|Any CPU = Release|Any CPU
	EndGlobalSection
	GlobalSection(ProjectConfigurationPlatforms) = postSolution
		{8EFF0CF2-03A2-4A93-979A-D47FBD792C7B}.Debug|Any CPU.ActiveCfg = Debug|Any CPU
		{8EFF0CF2-03A2-4A93-979A-D47FBD792C7B}.Debug|Any CPU.Build.0 = Debug|Any CPU
		{8EFF0CF2-03A2-4A93-979A-D47FBD792C7B}.Release|Any CPU.ActiveCfg = Release|Any CPU
		{8EFF0CF2-03A2-4A93-979A-D47FBD792C7B}.Release|Any CPU.Build.0 = Release|Any CPU
	EndGlobalSection
	GlobalSection(SolutionProperties) = preSolution
		HideSolutionNode = FALSE
	EndGlobalSection
	GlobalSection(ExtensibilityGlobals) = postSolution
		SolutionGuid = {2A71D92E-ABA2-4D06-9160-00B5CF59460C}
	EndGlobalSection
EndGlobal
