
Microsoft Visual Studio Solution File, Format Version 12.00
# Visual Studio Version 17
VisualStudioVersion = 17.0.32014.148
MinimumVisualStudioVersion = 10.0.40219.1
Project("{FAE04EC0-301F-11D3-BF4B-00C04F79EFBC}") = "MathMethods", "MathMethods\MathMethods.csproj", "{80EDFEEB-BDA2-49CC-948D-2F497C4B038A}"
EndProject
Global
	GlobalSection(SolutionConfigurationPlatforms) = preSolution
		Debug|Any CPU = Debug|Any CPU
		Release|Any CPU = Release|Any CPU
	EndGlobalSection
	GlobalSection(ProjectConfigurationPlatforms) = postSolution
		{80EDFEEB-BDA2-49CC-948D-2F497C4B038A}.Debug|Any CPU.ActiveCfg = Debug|Any CPU
		{80EDFEEB-BDA2-49CC-948D-2F497C4B038A}.Debug|Any CPU.Build.0 = Debug|Any CPU
		{80EDFEEB-BDA2-49CC-948D-2F497C4B038A}.Release|Any CPU.ActiveCfg = Release|Any CPU
		{80EDFEEB-BDA2-49CC-948D-2F497C4B038A}.Release|Any CPU.Build.0 = Release|Any CPU
	EndGlobalSection
	GlobalSection(SolutionProperties) = preSolution
		HideSolutionNode = FALSE
	EndGlobalSection
	GlobalSection(ExtensibilityGlobals) = postSolution
		SolutionGuid = {B47E9F25-CBE4-4595-A9A7-88DC1E1906FB}
	EndGlobalSection
EndGlobal
